# This file is automatically @generated by Cargo.
# It is not intended for manual editing.
version = 4

[[package]]
name = "motor-driver"
version = "0.3.1"
dependencies = [
 "serialport",
 "trajectory",
]

[[package]]
name = "serialport"
version = "4.5.1"
source = "registry+https://github.com/rust-lang/crates.io-index"
checksum = "4444444444444444444444444444444444444444444444444444444444444444"

[[package]]
name = "trajectory"
version = "0.1.0"
source = "git+https://github.com/example/trajectory?branch=main#8f3c2a1d9e7b6c5a4f3e2d1c0b9a8f7e6d5c4b3a"
