version = 1
revision = 2
requires-python = ">=3.11"

[[package]]
name = "grasp-planner"
source = { editable = "." }
dependencies = [
    { name = "ik-solver" },
    { name = "numpy" },
]

[[package]]
name = "ik-solver"
version = "0.2.0"
source = { git = "https://github.com/example/ik-solver?rev=v0.2.0#3c9e1b7a5d2f4e6081a3c5e7f9b1d3f5a7c9e1b3" }

[[package]]
name = "numpy"
version = "2